
Microsoft Visual Studio Solution File, Format Version 12.00
# Visual Studio Version 17
VisualStudioVersion = 17.7.34024.191
MinimumVisualStudioVersion = 10.0.40219.1
Project("{FAE04EC0-301F-11D3-BF4B-00C04F79EFBC}") = "sideproject1", "sideproject1\sideproject1.csproj", "{8AF1301D-52D1-4D17-8CED-FA4A6FC9528D}"
EndProject
Global
	GlobalSection(SolutionConfigurationPlatforms) = preSolution
		Debug|Any CPU = Debug|Any CPU
		Release|Any CPU = Release|Any CPU
	EndGlobalSection
	GlobalSection(ProjectConfigurationPlatforms) = postSolution
		{8AF1301D-52D1-4D17-8CED-FA4A6FC9528D}.Debug|Any CPU.ActiveCfg = Debug|Any CPU
		{8AF1301D-52D1-4D17-8CED-FA4A6FC9528D}.Debug|Any CPU.Build.0 = Debug|Any CPU
		{8AF1301D-52D1-4D17-8CED-FA4A6FC9528D}.Release|Any CPU.ActiveCfg = Release|Any CPU
		{8AF1301D-52D1-4D17-8CED-FA4A6FC9528D}.Release|Any CPU.Build.0 = Release|Any CPU
	EndGlobalSection
	GlobalSection(SolutionProperties) = preSolution
		HideSolutionNode = FALSE
	EndGlobalSection
	GlobalSection(ExtensibilityGlobals) = postSolution
		SolutionGuid = {8CD215A1-F8BB-4E46-BF35-A62A21909C3C}
	EndGlobalSection
EndGlobal
